// !$*UTF8*$!
{
	archiveVersion = 1;
	classes = {
	};
	objectVersion = 77;
	objects = {

/* Begin PBXBuildFile section */
		95092C512DF8498400520985 /* error.mp3 in Resources */ = {isa = PBXBuildFile; fileRef = 95092C502DF8498400520985 /* error.mp3 */; };
		95092C532DF849DE00520985 /* fail.mp3 in Resources */ = {isa = PBXBuildFile; fileRef = 95092C522DF849DE00520985 /* fail.mp3 */; };
		95092C552DF84B9F00520985 /* wow.mp3 in Resources */ = {isa = PBXBuildFile; fileRef = 95092C542DF84B9F00520985 /* wow.mp3 */; };
		95092C9F2DFF573900520985 /* LanguageDropdownMenu.swift in Sources */ = {isa = PBXBuildFile; fileRef = 95092C9E2DFF573800520985 /* LanguageDropdownMenu.swift */; };
		95092CA12E002FAD00520985 /* Language.swift in Sources */ = {isa = PBXBuildFile; fileRef = 95092CA02E002FAD00520985 /* Language.swift */; };
		95092CA32E00366D00520985 /* SettingsView.swift in Sources */ = {isa = PBXBuildFile; fileRef = 95092CA22E00366D00520985 /* SettingsView.swift */; };
		95092CA52E00368100520985 /* LanguageSelectionView.swift in Sources */ = {isa = PBXBuildFile; fileRef = 95092CA42E00368100520985 /* LanguageSelectionView.swift */; };
		95E1AE532DF20A6000B9F50D /* Preview Assets.xcassets in Resources */ = {isa = PBXBuildFile; fileRef = 95E1AE4D2DF20A6000B9F50D /* Preview Assets.xcassets */; };
		95E1AE542DF20A6000B9F50D /* Assets.xcassets in Resources */ = {isa = PBXBuildFile; fileRef = 95E1AE4F2DF20A6000B9F50D /* Assets.xcassets */; };
		95E1AE552DF20A6000B9F50D /* ContentView.swift in Sources */ = {isa = PBXBuildFile; fileRef = 95E1AE502DF20A6000B9F50D /* ContentView.swift */; };
		95E1AE562DF20A6000B9F50D /* GermanTestsApp.swift in Sources */ = {isa = PBXBuildFile; fileRef = 95E1AE512DF20A6000B9F50D /* GermanTestsApp.swift */; };
		95E1AE592DF20A6D00B9F50D /* ExamQuestion.swift in Sources */ = {isa = PBXBuildFile; fileRef = 95E1AE582DF20A6D00B9F50D /* ExamQuestion.swift */; };
		95E1AE5C2DF2AC4E00B9F50D /* questions.json in Resources */ = {isa = PBXBuildFile; fileRef = 95E1AE5B2DF2AC4E00B9F50D /* questions.json */; };
		95E1AE612DF2C84400B9F50D /* QuestionLIstViewModel.swift in Sources */ = {isa = PBXBuildFile; fileRef = 95E1AE602DF2C84400B9F50D /* QuestionLIstViewModel.swift */; };
		95E1AE632DF2C8A300B9F50D /* QuestionListView.swift in Sources */ = {isa = PBXBuildFile; fileRef = 95E1AE622DF2C8A300B9F50D /* QuestionListView.swift */; };
		95E1AE832DF2EE9900B9F50D /* success.m4a in Resources */ = {isa = PBXBuildFile; fileRef = 95E1AE822DF2EE9900B9F50D /* success.m4a */; };
		95E1AE892DF5AD2A00B9F50D /* MainTabView.swift in Sources */ = {isa = PBXBuildFile; fileRef = 95E1AE882DF5AD2A00B9F50D /* MainTabView.swift */; };
		95E1AE8B2DF5AD3A00B9F50D /* PracticeView.swift in Sources */ = {isa = PBXBuildFile; fileRef = 95E1AE8A2DF5AD3A00B9F50D /* PracticeView.swift */; };
		95E1AE8D2DF5AD7500B9F50D /* ExamStartView.swift in Sources */ = {isa = PBXBuildFile; fileRef = 95E1AE8C2DF5AD7500B9F50D /* ExamStartView.swift */; };
		95F8820F2E03536300E90CBE /* Constants.swift in Sources */ = {isa = PBXBuildFile; fileRef = 95F8820E2E03536300E90CBE /* Constants.swift */; };
/* End PBXBuildFile section */

/* Begin PBXFileReference section */
		95092C502DF8498400520985 /* error.mp3 */ = {isa = PBXFileReference; lastKnownFileType = audio.mp3; path = error.mp3; sourceTree = "<group>"; };
		95092C522DF849DE00520985 /* fail.mp3 */ = {isa = PBXFileReference; lastKnownFileType = audio.mp3; path = fail.mp3; sourceTree = "<group>"; };
		95092C542DF84B9F00520985 /* wow.mp3 */ = {isa = PBXFileReference; lastKnownFileType = audio.mp3; path = wow.mp3; sourceTree = "<group>"; };
		95092C9E2DFF573800520985 /* LanguageDropdownMenu.swift */ = {isa = PBXFileReference; lastKnownFileType = sourcecode.swift; path = LanguageDropdownMenu.swift; sourceTree = "<group>"; };
		95092CA02E002FAD00520985 /* Language.swift */ = {isa = PBXFileReference; lastKnownFileType = sourcecode.swift; path = Language.swift; sourceTree = "<group>"; };
		95092CA22E00366D00520985 /* SettingsView.swift */ = {isa = PBXFileReference; lastKnownFileType = sourcecode.swift; path = SettingsView.swift; sourceTree = "<group>"; };
		95092CA42E00368100520985 /* LanguageSelectionView.swift */ = {isa = PBXFileReference; lastKnownFileType = sourcecode.swift; path = LanguageSelectionView.swift; sourceTree = "<group>"; };
		95E1AE3C2DF1F02100B9F50D /* GermanTests.app */ = {isa = PBXFileReference; explicitFileType = wrapper.application; includeInIndex = 0; path = GermanTests.app; sourceTree = BUILT_PRODUCTS_DIR; };
		95E1AE4D2DF20A6000B9F50D /* Preview Assets.xcassets */ = {isa = PBXFileReference; lastKnownFileType = folder.assetcatalog; path = "Preview Assets.xcassets"; sourceTree = "<group>"; };
		95E1AE4F2DF20A6000B9F50D /* Assets.xcassets */ = {isa = PBXFileReference; lastKnownFileType = folder.assetcatalog; path = Assets.xcassets; sourceTree = "<group>"; };
		95E1AE502DF20A6000B9F50D /* ContentView.swift */ = {isa = PBXFileReference; lastKnownFileType = sourcecode.swift; path = ContentView.swift; sourceTree = "<group>"; };
		95E1AE512DF20A6000B9F50D /* GermanTestsApp.swift */ = {isa = PBXFileReference; lastKnownFileType = sourcecode.swift; path = GermanTestsApp.swift; sourceTree = "<group>"; };
		95E1AE582DF20A6D00B9F50D /* ExamQuestion.swift */ = {isa = PBXFileReference; lastKnownFileType = sourcecode.swift; path = ExamQuestion.swift; sourceTree = "<group>"; };
		95E1AE5B2DF2AC4E00B9F50D /* questions.json */ = {isa = PBXFileReference; lastKnownFileType = text.json; path = questions.json; sourceTree = "<group>"; };
		95E1AE602DF2C84400B9F50D /* QuestionLIstViewModel.swift */ = {isa = PBXFileReference; lastKnownFileType = sourcecode.swift; path = QuestionLIstViewModel.swift; sourceTree = "<group>"; };
		95E1AE622DF2C8A300B9F50D /* QuestionListView.swift */ = {isa = PBXFileReference; lastKnownFileType = sourcecode.swift; path = QuestionListView.swift; sourceTree = "<group>"; };
		95E1AE822DF2EE9900B9F50D /* success.m4a */ = {isa = PBXFileReference; lastKnownFileType = file; path = success.m4a; sourceTree = "<group>"; };
		95E1AE882DF5AD2A00B9F50D /* MainTabView.swift */ = {isa = PBXFileReference; lastKnownFileType = sourcecode.swift; path = MainTabView.swift; sourceTree = "<group>"; };
		95E1AE8A2DF5AD3A00B9F50D /* PracticeView.swift */ = {isa = PBXFileReference; lastKnownFileType = sourcecode.swift; path = PracticeView.swift; sourceTree = "<group>"; };
		95E1AE8C2DF5AD7500B9F50D /* ExamStartView.swift */ = {isa = PBXFileReference; lastKnownFileType = sourcecode.swift; path = ExamStartView.swift; sourceTree = "<group>"; };
		95F8820E2E03536300E90CBE /* Constants.swift */ = {isa = PBXFileReference; lastKnownFileType = sourcecode.swift; path = Constants.swift; sourceTree = "<group>"; };
/* End PBXFileReference section */

/* Begin PBXFrameworksBuildPhase section */
		95E1AE392DF1F02100B9F50D /* Frameworks */ = {
			isa = PBXFrameworksBuildPhase;
			buildActionMask = 2147483647;
			files = (
			);
			runOnlyForDeploymentPostprocessing = 0;
		};
/* End PBXFrameworksBuildPhase section */

/* Begin PBXGroup section */
		95E1AE332DF1F02100B9F50D = {
			isa = PBXGroup;
			children = (
				95E1AE522DF20A6000B9F50D /* GermanTests */,
				95E1AE3D2DF1F02100B9F50D /* Products */,
			);
			sourceTree = "<group>";
		};
		95E1AE3D2DF1F02100B9F50D /* Products */ = {
			isa = PBXGroup;
			children = (
				95E1AE3C2DF1F02100B9F50D /* GermanTests.app */,
			);
			name = Products;
			sourceTree = "<group>";
		};
		95E1AE4E2DF20A6000B9F50D /* Preview Content */ = {
			isa = PBXGroup;
			children = (
				95E1AE4D2DF20A6000B9F50D /* Preview Assets.xcassets */,
			);
			path = "Preview Content";
			sourceTree = "<group>";
		};
		95E1AE522DF20A6000B9F50D /* GermanTests */ = {
			isa = PBXGroup;
			children = (
				95E1AE5F2DF2C62000B9F50D /* App */,
				95E1AE572DF20A6300B9F50D /* Models */,
				95E1AE5E2DF2C60600B9F50D /* ViewModels */,
				95E1AE5D2DF2C5FF00B9F50D /* Views */,
				95F8820D2E03535600E90CBE /* Utilities */,
				95E1AE5A2DF2AC4400B9F50D /* Resources  */,
				95E1AE4E2DF20A6000B9F50D /* Preview Content */,
				95E1AE4F2DF20A6000B9F50D /* Assets.xcassets */,
			);
			path = GermanTests;
			sourceTree = "<group>";
		};
		95E1AE572DF20A6300B9F50D /* Models */ = {
			isa = PBXGroup;
			children = (
				95E1AE582DF20A6D00B9F50D /* ExamQuestion.swift */,
				95092CA02E002FAD00520985 /* Language.swift */,
			);
			path = Models;
			sourceTree = "<group>";
		};
		95E1AE5A2DF2AC4400B9F50D /* Resources  */ = {
			isa = PBXGroup;
			children = (
				95E1AE822DF2EE9900B9F50D /* success.m4a */,
				95092C502DF8498400520985 /* error.mp3 */,
				95092C542DF84B9F00520985 /* wow.mp3 */,
				95092C522DF849DE00520985 /* fail.mp3 */,
				95E1AE5B2DF2AC4E00B9F50D /* questions.json */,
			);
			path = "Resources ";
			sourceTree = "<group>";
		};
		95E1AE5D2DF2C5FF00B9F50D /* Views */ = {
			isa = PBXGroup;
			children = (
				95E1AE502DF20A6000B9F50D /* ContentView.swift */,
				95E1AE622DF2C8A300B9F50D /* QuestionListView.swift */,
				95E1AE882DF5AD2A00B9F50D /* MainTabView.swift */,
				95E1AE8A2DF5AD3A00B9F50D /* PracticeView.swift */,
				95E1AE8C2DF5AD7500B9F50D /* ExamStartView.swift */,
				95092C9E2DFF573800520985 /* LanguageDropdownMenu.swift */,
				95092CA22E00366D00520985 /* SettingsView.swift */,
				95092CA42E00368100520985 /* LanguageSelectionView.swift */,
			);
			path = Views;
			sourceTree = "<group>";
		};
		95E1AE5E2DF2C60600B9F50D /* ViewModels */ = {
			isa = PBXGroup;
			children = (
				95E1AE602DF2C84400B9F50D /* QuestionLIstViewModel.swift */,
			);
			path = ViewModels;
			sourceTree = "<group>";
		};
		95E1AE5F2DF2C62000B9F50D /* App */ = {
			isa = PBXGroup;
			children = (
				95E1AE512DF20A6000B9F50D /* GermanTestsApp.swift */,
			);
			path = App;
			sourceTree = "<group>";
		};
		95F8820D2E03535600E90CBE /* Utilities */ = {
			isa = PBXGroup;
			children = (
				95F8820E2E03536300E90CBE /* Constants.swift */,
			);
			path = Utilities;
			sourceTree = "<group>";
		};
/* End PBXGroup section */

/* Begin PBXNativeTarget section */
		95E1AE3B2DF1F02100B9F50D /* GermanTests */ = {
			isa = PBXNativeTarget;
			buildConfigurationList = 95E1AE4A2DF1F02200B9F50D /* Build configuration list for PBXNativeTarget "GermanTests" */;
			buildPhases = (
				95E1AE382DF1F02100B9F50D /* Sources */,
				95E1AE392DF1F02100B9F50D /* Frameworks */,
				95E1AE3A2DF1F02100B9F50D /* Resources */,
			);
			buildRules = (
			);
			dependencies = (
			);
			name = GermanTests;
			packageProductDependencies = (
			);
			productName = GermanTests;
			productReference = 95E1AE3C2DF1F02100B9F50D /* GermanTests.app */;
			productType = "com.apple.product-type.application";
		};
/* End PBXNativeTarget section */

/* Begin PBXProject section */
		95E1AE342DF1F02100B9F50D /* Project object */ = {
			isa = PBXProject;
			attributes = {
				BuildIndependentTargetsInParallel = 1;
				LastSwiftUpdateCheck = 1620;
				LastUpgradeCheck = 1620;
				TargetAttributes = {
					95E1AE3B2DF1F02100B9F50D = {
						CreatedOnToolsVersion = 16.2;
					};
				};
			};
			buildConfigurationList = 95E1AE372DF1F02100B9F50D /* Build configuration list for PBXProject "GermanTests" */;
			developmentRegion = en;
			hasScannedForEncodings = 0;
			knownRegions = (
				en,
				Base,
			);
			mainGroup = 95E1AE332DF1F02100B9F50D;
			minimizedProjectReferenceProxies = 1;
			preferredProjectObjectVersion = 77;
			productRefGroup = 95E1AE3D2DF1F02100B9F50D /* Products */;
			projectDirPath = "";
			projectRoot = "";
			targets = (
				95E1AE3B2DF1F02100B9F50D /* GermanTests */,
			);
		};
/* End PBXProject section */

/* Begin PBXResourcesBuildPhase section */
		95E1AE3A2DF1F02100B9F50D /* Resources */ = {
			isa = PBXResourcesBuildPhase;
			buildActionMask = 2147483647;
			files = (
				95E1AE832DF2EE9900B9F50D /* success.m4a in Resources */,
				95E1AE5C2DF2AC4E00B9F50D /* questions.json in Resources */,
				95092C532DF849DE00520985 /* fail.mp3 in Resources */,
				95092C512DF8498400520985 /* error.mp3 in Resources */,
				95E1AE532DF20A6000B9F50D /* Preview Assets.xcassets in Resources */,
				95092C552DF84B9F00520985 /* wow.mp3 in Resources */,
				95E1AE542DF20A6000B9F50D /* Assets.xcassets in Resources */,
			);
			runOnlyForDeploymentPostprocessing = 0;
		};
/* End PBXResourcesBuildPhase section */

/* Begin PBXSourcesBuildPhase section */
		95E1AE382DF1F02100B9F50D /* Sources */ = {
			isa = PBXSourcesBuildPhase;
			buildActionMask = 2147483647;
			files = (
				95E1AE552DF20A6000B9F50D /* ContentView.swift in Sources */,
				95092CA12E002FAD00520985 /* Language.swift in Sources */,
				95E1AE632DF2C8A300B9F50D /* QuestionListView.swift in Sources */,
				95092CA52E00368100520985 /* LanguageSelectionView.swift in Sources */,
				95E1AE8D2DF5AD7500B9F50D /* ExamStartView.swift in Sources */,
				95E1AE592DF20A6D00B9F50D /* ExamQuestion.swift in Sources */,
				95E1AE612DF2C84400B9F50D /* QuestionLIstViewModel.swift in Sources */,
				95F8820F2E03536300E90CBE /* Constants.swift in Sources */,
				95E1AE8B2DF5AD3A00B9F50D /* PracticeView.swift in Sources */,
				95E1AE562DF20A6000B9F50D /* GermanTestsApp.swift in Sources */,
				95092C9F2DFF573900520985 /* LanguageDropdownMenu.swift in Sources */,
				95E1AE892DF5AD2A00B9F50D /* MainTabView.swift in Sources */,
				95092CA32E00366D00520985 /* SettingsView.swift in Sources */,
			);
			runOnlyForDeploymentPostprocessing = 0;
		};
/* End PBXSourcesBuildPhase section */

/* Begin XCBuildConfiguration section */
		95E1AE482DF1F02200B9F50D /* Debug */ = {
			isa = XCBuildConfiguration;
			buildSettings = {
				ALWAYS_SEARCH_USER_PATHS = NO;
				ASSETCATALOG_COMPILER_GENERATE_SWIFT_ASSET_SYMBOL_EXTENSIONS = YES;
				CLANG_ANALYZER_NONNULL = YES;
				CLANG_ANALYZER_NUMBER_OBJECT_CONVERSION = YES_AGGRESSIVE;
				CLANG_CXX_LANGUAGE_STANDARD = "gnu++20";
				CLANG_ENABLE_MODULES = YES;
				CLANG_ENABLE_OBJC_ARC = YES;
				CLANG_ENABLE_OBJC_WEAK = YES;
				CLANG_WARN_BLOCK_CAPTURE_AUTORELEASING = YES;
				CLANG_WARN_BOOL_CONVERSION = YES;
				CLANG_WARN_COMMA = YES;
				CLANG_WARN_CONSTANT_CONVERSION = YES;
				CLANG_WARN_DEPRECATED_OBJC_IMPLEMENTATIONS = YES;
				CLANG_WARN_DIRECT_OBJC_ISA_USAGE = YES_ERROR;
				CLANG_WARN_DOCUMENTATION_COMMENTS = YES;
				CLANG_WARN_EMPTY_BODY = YES;
				CLANG_WARN_ENUM_CONVERSION = YES;
				CLANG_WARN_INFINITE_RECURSION = YES;
				CLANG_WARN_INT_CONVERSION = YES;
				CLANG_WARN_NON_LITERAL_NULL_CONVERSION = YES;
				CLANG_WARN_OBJC_IMPLICIT_RETAIN_SELF = YES;
				CLANG_WARN_OBJC_LITERAL_CONVERSION = YES;
				CLANG_WARN_OBJC_ROOT_CLASS = YES_ERROR;
				CLANG_WARN_QUOTED_INCLUDE_IN_FRAMEWORK_HEADER = YES;
				CLANG_WARN_RANGE_LOOP_ANALYSIS = YES;
				CLANG_WARN_STRICT_PROTOTYPES = YES;
				CLANG_WARN_SUSPICIOUS_MOVE = YES;
				CLANG_WARN_UNGUARDED_AVAILABILITY = YES_AGGRESSIVE;
				CLANG_WARN_UNREACHABLE_CODE = YES;
				CLANG_WARN__DUPLICATE_METHOD_MATCH = YES;
				COPY_PHASE_STRIP = NO;
				DEBUG_INFORMATION_FORMAT = dwarf;
				ENABLE_STRICT_OBJC_MSGSEND = YES;
				ENABLE_TESTABILITY = YES;
				ENABLE_USER_SCRIPT_SANDBOXING = YES;
				GCC_C_LANGUAGE_STANDARD = gnu17;
				GCC_DYNAMIC_NO_PIC = NO;
				GCC_NO_COMMON_BLOCKS = YES;
				GCC_OPTIMIZATION_LEVEL = 0;
				GCC_PREPROCESSOR_DEFINITIONS = (
					"DEBUG=1",
					"$(inherited)",
				);
				GCC_WARN_64_TO_32_BIT_CONVERSION = YES;
				GCC_WARN_ABOUT_RETURN_TYPE = YES_ERROR;
				GCC_WARN_UNDECLARED_SELECTOR = YES;
				GCC_WARN_UNINITIALIZED_AUTOS = YES_AGGRESSIVE;
				GCC_WARN_UNUSED_FUNCTION = YES;
				GCC_WARN_UNUSED_VARIABLE = YES;
				IPHONEOS_DEPLOYMENT_TARGET = 18.2;
				LOCALIZATION_PREFERS_STRING_CATALOGS = YES;
				MTL_ENABLE_DEBUG_INFO = INCLUDE_SOURCE;
				MTL_FAST_MATH = YES;
				ONLY_ACTIVE_ARCH = YES;
				SDKROOT = iphoneos;
				SWIFT_ACTIVE_COMPILATION_CONDITIONS = "DEBUG $(inherited)";
				SWIFT_OPTIMIZATION_LEVEL = "-Onone";
			};
			name = Debug;
		};
		95E1AE492DF1F02200B9F50D /* Release */ = {
			isa = XCBuildConfiguration;
			buildSettings = {
				ALWAYS_SEARCH_USER_PATHS = NO;
				ASSETCATALOG_COMPILER_GENERATE_SWIFT_ASSET_SYMBOL_EXTENSIONS = YES;
				CLANG_ANALYZER_NONNULL = YES;
				CLANG_ANALYZER_NUMBER_OBJECT_CONVERSION = YES_AGGRESSIVE;
				CLANG_CXX_LANGUAGE_STANDARD = "gnu++20";
				CLANG_ENABLE_MODULES = YES;
				CLANG_ENABLE_OBJC_ARC = YES;
				CLANG_ENABLE_OBJC_WEAK = YES;
				CLANG_WARN_BLOCK_CAPTURE_AUTORELEASING = YES;
				CLANG_WARN_BOOL_CONVERSION = YES;
				CLANG_WARN_COMMA = YES;
				CLANG_WARN_CONSTANT_CONVERSION = YES;
				CLANG_WARN_DEPRECATED_OBJC_IMPLEMENTATIONS = YES;
				CLANG_WARN_DIRECT_OBJC_ISA_USAGE = YES_ERROR;
				CLANG_WARN_DOCUMENTATION_COMMENTS = YES;
				CLANG_WARN_EMPTY_BODY = YES;
				CLANG_WARN_ENUM_CONVERSION = YES;
				CLANG_WARN_INFINITE_RECURSION = YES;
				CLANG_WARN_INT_CONVERSION = YES;
				CLANG_WARN_NON_LITERAL_NULL_CONVERSION = YES;
				CLANG_WARN_OBJC_IMPLICIT_RETAIN_SELF = YES;
				CLANG_WARN_OBJC_LITERAL_CONVERSION = YES;
				CLANG_WARN_OBJC_ROOT_CLASS = YES_ERROR;
				CLANG_WARN_QUOTED_INCLUDE_IN_FRAMEWORK_HEADER = YES;
				CLANG_WARN_RANGE_LOOP_ANALYSIS = YES;
				CLANG_WARN_STRICT_PROTOTYPES = YES;
				CLANG_WARN_SUSPICIOUS_MOVE = YES;
				CLANG_WARN_UNGUARDED_AVAILABILITY = YES_AGGRESSIVE;
				CLANG_WARN_UNREACHABLE_CODE = YES;
				CLANG_WARN__DUPLICATE_METHOD_MATCH = YES;
				COPY_PHASE_STRIP = NO;
				DEBUG_INFORMATION_FORMAT = "dwarf-with-dsym";
				ENABLE_NS_ASSERTIONS = NO;
				ENABLE_STRICT_OBJC_MSGSEND = YES;
				ENABLE_USER_SCRIPT_SANDBOXING = YES;
				GCC_C_LANGUAGE_STANDARD = gnu17;
				GCC_NO_COMMON_BLOCKS = YES;
				GCC_WARN_64_TO_32_BIT_CONVERSION = YES;
				GCC_WARN_ABOUT_RETURN_TYPE = YES_ERROR;
				GCC_WARN_UNDECLARED_SELECTOR = YES;
				GCC_WARN_UNINITIALIZED_AUTOS = YES_AGGRESSIVE;
				GCC_WARN_UNUSED_FUNCTION = YES;
				GCC_WARN_UNUSED_VARIABLE = YES;
				IPHONEOS_DEPLOYMENT_TARGET = 18.2;
				LOCALIZATION_PREFERS_STRING_CATALOGS = YES;
				MTL_ENABLE_DEBUG_INFO = NO;
				MTL_FAST_MATH = YES;
				SDKROOT = iphoneos;
				SWIFT_COMPILATION_MODE = wholemodule;
				VALIDATE_PRODUCT = YES;
			};
			name = Release;
		};
		95E1AE4B2DF1F02200B9F50D /* Debug */ = {
			isa = XCBuildConfiguration;
			buildSettings = {
				ASSETCATALOG_COMPILER_APPICON_NAME = AppIcon;
				ASSETCATALOG_COMPILER_GLOBAL_ACCENT_COLOR_NAME = AccentColor;
				CODE_SIGN_STYLE = Automatic;
				CURRENT_PROJECT_VERSION = 1;
				DEVELOPMENT_ASSET_PATHS = "\"GermanTests/Preview Content\"";
				DEVELOPMENT_TEAM = 5PWYZ4J78Z;
				ENABLE_PREVIEWS = YES;
				GENERATE_INFOPLIST_FILE = YES;
				INFOPLIST_KEY_UIApplicationSceneManifest_Generation = YES;
				INFOPLIST_KEY_UIApplicationSupportsIndirectInputEvents = YES;
				INFOPLIST_KEY_UILaunchScreen_Generation = YES;
				INFOPLIST_KEY_UISupportedInterfaceOrientations_iPad = "UIInterfaceOrientationPortrait UIInterfaceOrientationPortraitUpsideDown UIInterfaceOrientationLandscapeLeft UIInterfaceOrientationLandscapeRight";
				INFOPLIST_KEY_UISupportedInterfaceOrientations_iPhone = "UIInterfaceOrientationPortrait UIInterfaceOrientationLandscapeLeft UIInterfaceOrientationLandscapeRight";
				LD_RUNPATH_SEARCH_PATHS = (
					"$(inherited)",
					"@executable_path/Frameworks",
				);
				MARKETING_VERSION = 1.0;
				PRODUCT_BUNDLE_IDENTIFIER = com.tokayon.GermanTests;
				PRODUCT_NAME = "$(TARGET_NAME)";
				SWIFT_EMIT_LOC_STRINGS = YES;
				SWIFT_VERSION = 5.0;
				TARGETED_DEVICE_FAMILY = "1,2";
			};
			name = Debug;
		};
		95E1AE4C2DF1F02200B9F50D /* Release */ = {
			isa = XCBuildConfiguration;
			buildSettings = {
				ASSETCATALOG_COMPILER_APPICON_NAME = AppIcon;
				ASSETCATALOG_COMPILER_GLOBAL_ACCENT_COLOR_NAME = AccentColor;
				CODE_SIGN_STYLE = Automatic;
				CURRENT_PROJECT_VERSION = 1;
				DEVELOPMENT_ASSET_PATHS = "\"GermanTests/Preview Content\"";
				DEVELOPMENT_TEAM = 5PWYZ4J78Z;
				ENABLE_PREVIEWS = YES;
				GENERATE_INFOPLIST_FILE = YES;
				INFOPLIST_KEY_UIApplicationSceneManifest_Generation = YES;
				INFOPLIST_KEY_UIApplicationSupportsIndirectInputEvents = YES;
				INFOPLIST_KEY_UILaunchScreen_Generation = YES;
				INFOPLIST_KEY_UISupportedInterfaceOrientations_iPad = "UIInterfaceOrientationPortrait UIInterfaceOrientationPortraitUpsideDown UIInterfaceOrientationLandscapeLeft UIInterfaceOrientationLandscapeRight";
				INFOPLIST_KEY_UISupportedInterfaceOrientations_iPhone = "UIInterfaceOrientationPortrait UIInterfaceOrientationLandscapeLeft UIInterfaceOrientationLandscapeRight";
				LD_RUNPATH_SEARCH_PATHS = (
					"$(inherited)",
					"@executable_path/Frameworks",
				);
				MARKETING_VERSION = 1.0;
				PRODUCT_BUNDLE_IDENTIFIER = com.tokayon.GermanTests;
				PRODUCT_NAME = "$(TARGET_NAME)";
				SWIFT_EMIT_LOC_STRINGS = YES;
				SWIFT_VERSION = 5.0;
				TARGETED_DEVICE_FAMILY = "1,2";
			};
			name = Release;
		};
/* End XCBuildConfiguration section */

/* Begin XCConfigurationList section */
		95E1AE372DF1F02100B9F50D /* Build configuration list for PBXProject "GermanTests" */ = {
			isa = XCConfigurationList;
			buildConfigurations = (
				95E1AE482DF1F02200B9F50D /* Debug */,
				95E1AE492DF1F02200B9F50D /* Release */,
			);
			defaultConfigurationIsVisible = 0;
			defaultConfigurationName = Release;
		};
		95E1AE4A2DF1F02200B9F50D /* Build configuration list for PBXNativeTarget "GermanTests" */ = {
			isa = XCConfigurationList;
			buildConfigurations = (
				95E1AE4B2DF1F02200B9F50D /* Debug */,
				95E1AE4C2DF1F02200B9F50D /* Release */,
			);
			defaultConfigurationIsVisible = 0;
			defaultConfigurationName = Release;
		};
/* End XCConfigurationList section */
	};
	rootObject = 95E1AE342DF1F02100B9F50D /* Project object */;
}
